
Microsoft Visual Studio Solution File, Format Version 12.00
# Visual Studio Version 16
VisualStudioVersion = 16.0.30413.136
MinimumVisualStudioVersion = 10.0.40219.1
Project("{FAE04EC0-301F-11D3-BF4B-00C04F79EFBC}") = "LogSaverClient", "LogSaverClient\LogSaverClient.csproj", "{0577A1AD-8575-4FA1-A316-F019EF751495}"
	ProjectSection(ProjectDependencies) = postProject
		{4A338908-C433-4616-83C8-1986765C9593} = {4A338908-C433-4616-83C8-1986765C9593}
	EndProjectSection
EndProject
Project("{FAE04EC0-301F-11D3-BF4B-00C04F79EFBC}") = "Messages", "..\Messages\Messages.csproj", "{4A338908-C433-4616-83C8-1986765C9593}"
EndProject
Project("{FAE04EC0-301F-11D3-BF4B-00C04F79EFBC}") = "MessageTests", "..\Testing\MessageTests\MessageTests.csproj", "{4AFB0A6C-BA6E-4E90-BE1D-61EDCD34012C}"
EndProject
Project("{FAE04EC0-301F-11D3-BF4B-00C04F79EFBC}") = "FileUtilities", "..\FileUtilities\FileUtilities.csproj", "{7C267A9C-E2FE-4A8E-9302-562CBF797024}"
EndProject
Project("{FAE04EC0-301F-11D3-BF4B-00C04F79EFBC}") = "FileUtilitiesTests", "..\Testing\FileUtilitiesTests\FileUtilitiesTests.csproj", "{6204E3ED-E33D-4B59-A11C-B83F44F54AE4}"
EndProject
Global
	GlobalSection(SolutionConfigurationPlatforms) = preSolution
		Debug|Any CPU = Debug|Any CPU
		Release|Any CPU = Release|Any CPU
	EndGlobalSection
	GlobalSection(ProjectConfigurationPlatforms) = postSolution
		{0577A1AD-8575-4FA1-A316-F019EF751495}.Debug|Any CPU.ActiveCfg = Debug|Any CPU
		{0577A1AD-8575-4FA1-A316-F019EF751495}.Debug|Any CPU.Build.0 = Debug|Any CPU
		{0577A1AD-8575-4FA1-A316-F019EF751495}.Release|Any CPU.ActiveCfg = Release|Any CPU
		{0577A1AD-8575-4FA1-A316-F019EF751495}.Release|Any CPU.Build.0 = Release|Any CPU
		{4A338908-C433-4616-83C8-1986765C9593}.Debug|Any CPU.ActiveCfg = Debug|Any CPU
		{4A338908-C433-4616-83C8-1986765C9593}.Debug|Any CPU.Build.0 = Debug|Any CPU
		{4A338908-C433-4616-83C8-1986765C9593}.Release|Any CPU.ActiveCfg = Release|Any CPU
		{4A338908-C433-4616-83C8-1986765C9593}.Release|Any CPU.Build.0 = Release|Any CPU
		{4AFB0A6C-BA6E-4E90-BE1D-61EDCD34012C}.Debug|Any CPU.ActiveCfg = Debug|Any CPU
		{4AFB0A6C-BA6E-4E90-BE1D-61EDCD34012C}.Debug|Any CPU.Build.0 = Debug|Any CPU
		{4AFB0A6C-BA6E-4E90-BE1D-61EDCD34012C}.Release|Any CPU.ActiveCfg = Release|Any CPU
		{4AFB0A6C-BA6E-4E90-BE1D-61EDCD34012C}.Release|Any CPU.Build.0 = Release|Any CPU
		{7C267A9C-E2FE-4A8E-9302-562CBF797024}.Debug|Any CPU.ActiveCfg = Debug|Any CPU
		{7C267A9C-E2FE-4A8E-9302-562CBF797024}.Debug|Any CPU.Build.0 = Debug|Any CPU
		{7C267A9C-E2FE-4A8E-9302-562CBF797024}.Release|Any CPU.ActiveCfg = Release|Any CPU
		{7C267A9C-E2FE-4A8E-9302-562CBF797024}.Release|Any CPU.Build.0 = Release|Any CPU
		{6204E3ED-E33D-4B59-A11C-B83F44F54AE4}.Debug|Any CPU.ActiveCfg = Debug|Any CPU
		{6204E3ED-E33D-4B59-A11C-B83F44F54AE4}.Debug|Any CPU.Build.0 = Debug|Any CPU
		{6204E3ED-E33D-4B59-A11C-B83F44F54AE4}.Release|Any CPU.ActiveCfg = Release|Any CPU
		{6204E3ED-E33D-4B59-A11C-B83F44F54AE4}.Release|Any CPU.Build.0 = Release|Any CPU
	EndGlobalSection
	GlobalSection(SolutionProperties) = preSolution
		HideSolutionNode = FALSE
	EndGlobalSection
	GlobalSection(ExtensibilityGlobals) = postSolution
		SolutionGuid = {226E72BE-2106-4261-9D37-DC0D2A281B44}
	EndGlobalSection
EndGlobal
