
Microsoft Visual Studio Solution File, Format Version 12.00
# Visual Studio Version 16
VisualStudioVersion = 16.0.30413.136
MinimumVisualStudioVersion = 10.0.40219.1
Project("{FAE04EC0-301F-11D3-BF4B-00C04F79EFBC}") = "LogSaverServer", "LogSaverServer\LogSaverServer.csproj", "{30CF1F59-080E-4792-8894-0B8EFA30CA9A}"
	ProjectSection(ProjectDependencies) = postProject
		{4A338908-C433-4616-83C8-1986765C9593} = {4A338908-C433-4616-83C8-1986765C9593}
	EndProjectSection
EndProject
Project("{FAE04EC0-301F-11D3-BF4B-00C04F79EFBC}") = "Messages", "..\Messages\Messages.csproj", "{4A338908-C433-4616-83C8-1986765C9593}"
EndProject
Project("{FAE04EC0-301F-11D3-BF4B-00C04F79EFBC}") = "MessageTests", "..\Testing\MessageTests\MessageTests.csproj", "{4AFB0A6C-BA6E-4E90-BE1D-61EDCD34012C}"
EndProject
Project("{FAE04EC0-301F-11D3-BF4B-00C04F79EFBC}") = "FileUtilities", "..\FileUtilities\FileUtilities.csproj", "{7C267A9C-E2FE-4A8E-9302-562CBF797024}"
EndProject
Project("{FAE04EC0-301F-11D3-BF4B-00C04F79EFBC}") = "FileUtilitiesTests", "..\Testing\FileUtilitiesTests\FileUtilitiesTests.csproj", "{6204E3ED-E33D-4B59-A11C-B83F44F54AE4}"
EndProject
Project("{FAE04EC0-301F-11D3-BF4B-00C04F79EFBC}") = "TimeUtilities", "..\TimeUtilities\TimeUtilities.csproj", "{0445D08A-C1C1-43F5-AE61-2499551C301F}"
EndProject
Project("{FAE04EC0-301F-11D3-BF4B-00C04F79EFBC}") = "TopshelfBoilerplate", "..\..\..\NET Projects\TopshelfBoilerplate\TopshelfBoilerplate\TopshelfBoilerplate.csproj", "{3435E4C2-C547-4103-9EF4-EA3281A0B1DD}"
EndProject
Project("{FAE04EC0-301F-11D3-BF4B-00C04F79EFBC}") = "TcpLibrary", "..\..\..\NET Projects\TcpServerLibrary\TcpServerLibrary\TcpLibrary.csproj", "{3FFBAE36-7FFB-4380-A0E3-5CD39D27B4B0}"
EndProject
Project("{FAE04EC0-301F-11D3-BF4B-00C04F79EFBC}") = "LoggingLibrary", "..\..\..\NET Projects\LoggingLibrary\LoggingLibrary\LoggingLibrary.csproj", "{C196BB20-0D35-463D-BB0A-3B0842DB8AE0}"
EndProject
Global
	GlobalSection(SolutionConfigurationPlatforms) = preSolution
		Debug|Any CPU = Debug|Any CPU
		Release|Any CPU = Release|Any CPU
	EndGlobalSection
	GlobalSection(ProjectConfigurationPlatforms) = postSolution
		{30CF1F59-080E-4792-8894-0B8EFA30CA9A}.Debug|Any CPU.ActiveCfg = Debug|Any CPU
		{30CF1F59-080E-4792-8894-0B8EFA30CA9A}.Debug|Any CPU.Build.0 = Debug|Any CPU
		{30CF1F59-080E-4792-8894-0B8EFA30CA9A}.Release|Any CPU.ActiveCfg = Release|Any CPU
		{30CF1F59-080E-4792-8894-0B8EFA30CA9A}.Release|Any CPU.Build.0 = Release|Any CPU
		{4A338908-C433-4616-83C8-1986765C9593}.Debug|Any CPU.ActiveCfg = Debug|Any CPU
		{4A338908-C433-4616-83C8-1986765C9593}.Debug|Any CPU.Build.0 = Debug|Any CPU
		{4A338908-C433-4616-83C8-1986765C9593}.Release|Any CPU.ActiveCfg = Release|Any CPU
		{4A338908-C433-4616-83C8-1986765C9593}.Release|Any CPU.Build.0 = Release|Any CPU
		{4AFB0A6C-BA6E-4E90-BE1D-61EDCD34012C}.Debug|Any CPU.ActiveCfg = Debug|Any CPU
		{4AFB0A6C-BA6E-4E90-BE1D-61EDCD34012C}.Debug|Any CPU.Build.0 = Debug|Any CPU
		{4AFB0A6C-BA6E-4E90-BE1D-61EDCD34012C}.Release|Any CPU.ActiveCfg = Release|Any CPU
		{4AFB0A6C-BA6E-4E90-BE1D-61EDCD34012C}.Release|Any CPU.Build.0 = Release|Any CPU
		{7C267A9C-E2FE-4A8E-9302-562CBF797024}.Debug|Any CPU.ActiveCfg = Debug|Any CPU
		{7C267A9C-E2FE-4A8E-9302-562CBF797024}.Debug|Any CPU.Build.0 = Debug|Any CPU
		{7C267A9C-E2FE-4A8E-9302-562CBF797024}.Release|Any CPU.ActiveCfg = Release|Any CPU
		{7C267A9C-E2FE-4A8E-9302-562CBF797024}.Release|Any CPU.Build.0 = Release|Any CPU
		{6204E3ED-E33D-4B59-A11C-B83F44F54AE4}.Debug|Any CPU.ActiveCfg = Debug|Any CPU
		{6204E3ED-E33D-4B59-A11C-B83F44F54AE4}.Debug|Any CPU.Build.0 = Debug|Any CPU
		{6204E3ED-E33D-4B59-A11C-B83F44F54AE4}.Release|Any CPU.ActiveCfg = Release|Any CPU
		{6204E3ED-E33D-4B59-A11C-B83F44F54AE4}.Release|Any CPU.Build.0 = Release|Any CPU
		{0445D08A-C1C1-43F5-AE61-2499551C301F}.Debug|Any CPU.ActiveCfg = Debug|Any CPU
		{0445D08A-C1C1-43F5-AE61-2499551C301F}.Debug|Any CPU.Build.0 = Debug|Any CPU
		{0445D08A-C1C1-43F5-AE61-2499551C301F}.Release|Any CPU.ActiveCfg = Release|Any CPU
		{0445D08A-C1C1-43F5-AE61-2499551C301F}.Release|Any CPU.Build.0 = Release|Any CPU
		{3435E4C2-C547-4103-9EF4-EA3281A0B1DD}.Debug|Any CPU.ActiveCfg = Debug|Any CPU
		{3435E4C2-C547-4103-9EF4-EA3281A0B1DD}.Debug|Any CPU.Build.0 = Debug|Any CPU
		{3435E4C2-C547-4103-9EF4-EA3281A0B1DD}.Release|Any CPU.ActiveCfg = Release|Any CPU
		{3435E4C2-C547-4103-9EF4-EA3281A0B1DD}.Release|Any CPU.Build.0 = Release|Any CPU
		{3FFBAE36-7FFB-4380-A0E3-5CD39D27B4B0}.Debug|Any CPU.ActiveCfg = Debug|Any CPU
		{3FFBAE36-7FFB-4380-A0E3-5CD39D27B4B0}.Debug|Any CPU.Build.0 = Debug|Any CPU
		{3FFBAE36-7FFB-4380-A0E3-5CD39D27B4B0}.Release|Any CPU.ActiveCfg = Release|Any CPU
		{3FFBAE36-7FFB-4380-A0E3-5CD39D27B4B0}.Release|Any CPU.Build.0 = Release|Any CPU
		{C196BB20-0D35-463D-BB0A-3B0842DB8AE0}.Debug|Any CPU.ActiveCfg = Debug|Any CPU
		{C196BB20-0D35-463D-BB0A-3B0842DB8AE0}.Debug|Any CPU.Build.0 = Debug|Any CPU
		{C196BB20-0D35-463D-BB0A-3B0842DB8AE0}.Release|Any CPU.ActiveCfg = Release|Any CPU
		{C196BB20-0D35-463D-BB0A-3B0842DB8AE0}.Release|Any CPU.Build.0 = Release|Any CPU
	EndGlobalSection
	GlobalSection(SolutionProperties) = preSolution
		HideSolutionNode = FALSE
	EndGlobalSection
	GlobalSection(ExtensibilityGlobals) = postSolution
		SolutionGuid = {B8DE0FCF-2B77-4426-A70C-28599F56F44E}
	EndGlobalSection
EndGlobal
